# THIS IS AN AUTOGENERATED FILE. DO NOT EDIT THIS FILE DIRECTLY.
# yarn lockfile v1


moment@^2.29.1:
  version "2.29.1"
  resolved "https://registry.yarnpkg.com/moment/-/moment-2.29.1.tgz#b2be769fa31940be9eeea6469c075e35006fa3d3"
  integrity sha512-kHmoybcPV8Sqy59DwNDY3Jefr64lK/by/da0ViFcuA4DH0vQg5Q6Ze5VimxkfQNSC+Mls/Kx53s7TjP1RhFEDQ==

vue-easy-slider@^5.3.4:
  version "5.3.4"
  resolved "https://registry.yarnpkg.com/vue-easy-slider/-/vue-easy-slider-5.3.4.tgz#2707f76f8521c516e2b3915607c319c7f6e772b4"
  integrity sha512-PCdc4A2nwK7eH4vZdK4HqZBd8hfEMGN1HsxzNRIaDGDL4xLW3zgN+7a+SBkQbe4mN9Uuf/K9yw2qDDRqYUZgtw==

vue-material-design-icons@^4.11.0:
  version "4.11.0"
  resolved "https://registry.yarnpkg.com/vue-material-design-icons/-/vue-material-design-icons-4.11.0.tgz#11356194846a5806d958ede531291605cc314b33"
  integrity sha512-3Tyeqi9jtONQ/x8WkJqiBs4t5Bd5O1t7RdM/GIPKVYoVdaRy0oy3nbRjnMGyONBlqC/NpPjzhWeoZWUMEI04nA==
